<Solution>
  <Project Path="src/MyECS.Core/MyECS.Core.csproj" />
  <Project Path="src/MyECS.Extensions/MyECS.Extensions.csproj" />
  <Project Path="src/MyECS.SourceGen/MyECS.SourceGen.csproj" />
  <Project Path="benchmarks/MyECS.Benchmarks/MyECS.Benchmarks.csproj" />
  <Project Path="samples/MyECS.Sample/MyECS.Sample.csproj" />
  <Project Path="tests/MyECS.Tests/MyECS.Tests.csproj" />
</Solution>